
Microsoft Visual Studio Solution File, Format Version 12.00
# Visual Studio Version 16
VisualStudioVersion = 16.0.29512.175
MinimumVisualStudioVersion = 10.0.40219.1
Project("{F184B08F-C81C-45F6-A57F-5ABD9991F28F}") = "Word document finder", "Word document finder.vbproj", "{51B8082F-95EA-452F-9C7E-3959EF834206}"
EndProject
Global
	GlobalSection(SolutionConfigurationPlatforms) = preSolution
		Debug|Any CPU = Debug|Any CPU
		Release|Any CPU = Release|Any CPU
	EndGlobalSection
	GlobalSection(ProjectConfigurationPlatforms) = postSolution
		{51B8082F-95EA-452F-9C7E-3959EF834206}.Debug|Any CPU.ActiveCfg = Debug|Any CPU
		{51B8082F-95EA-452F-9C7E-3959EF834206}.Debug|Any CPU.Build.0 = Debug|Any CPU
		{51B8082F-95EA-452F-9C7E-3959EF834206}.Release|Any CPU.ActiveCfg = Release|Any CPU
		{51B8082F-95EA-452F-9C7E-3959EF834206}.Release|Any CPU.Build.0 = Release|Any CPU
	EndGlobalSection
	GlobalSection(SolutionProperties) = preSolution
		HideSolutionNode = FALSE
	EndGlobalSection
	GlobalSection(ExtensibilityGlobals) = postSolution
		SolutionGuid = {A0566434-BA51-4DAE-B8E0-1787B3D893F2}
	EndGlobalSection
EndGlobal
